
Microsoft Visual Studio Solution File, Format Version 12.00
# Visual Studio Version 17
VisualStudioVersion = 17.11.35219.272
MinimumVisualStudioVersion = 10.0.40219.1
Project("{FAE04EC0-301F-11D3-BF4B-00C04F79EFBC}") = "Hospital_Management", "Hospital_Management\Hospital_Management.csproj", "{ACB87BC2-4473-4DB1-B743-BB24E94BC9AA}"
EndProject
Global
	GlobalSection(SolutionConfigurationPlatforms) = preSolution
		Debug|Any CPU = Debug|Any CPU
		Release|Any CPU = Release|Any CPU
	EndGlobalSection
	GlobalSection(ProjectConfigurationPlatforms) = postSolution
		{ACB87BC2-4473-4DB1-B743-BB24E94BC9AA}.Debug|Any CPU.ActiveCfg = Debug|Any CPU
		{ACB87BC2-4473-4DB1-B743-BB24E94BC9AA}.Debug|Any CPU.Build.0 = Debug|Any CPU
		{ACB87BC2-4473-4DB1-B743-BB24E94BC9AA}.Release|Any CPU.ActiveCfg = Release|Any CPU
		{ACB87BC2-4473-4DB1-B743-BB24E94BC9AA}.Release|Any CPU.Build.0 = Release|Any CPU
	EndGlobalSection
	GlobalSection(SolutionProperties) = preSolution
		HideSolutionNode = FALSE
	EndGlobalSection
	GlobalSection(ExtensibilityGlobals) = postSolution
		SolutionGuid = {EE77C6BC-8E9C-4D02-9384-847034315E8C}
	EndGlobalSection
EndGlobal
